
Microsoft Visual Studio Solution File, Format Version 11.00
# Visual Studio 2010
Project("{FAE04EC0-301F-11D3-BF4B-00C04F79EFBC}") = "Assembly-CSharp", "Assembly-CSharp.csproj", "{400F0BE4-DE68-59E2-15FB-DF94CCCD3EFA}"
EndProject
Project("{FAE04EC0-301F-11D3-BF4B-00C04F79EFBC}") = "Assembly-CSharp-Editor", "Assembly-CSharp-Editor.csproj", "{371853B1-CF93-F579-6EFC-D35225FF1F01}"
EndProject
Global
	GlobalSection(SolutionConfigurationPlatforms) = preSolution
		Debug|Any CPU = Debug|Any CPU
		Release|Any CPU = Release|Any CPU
	EndGlobalSection
	GlobalSection(ProjectConfigurationPlatforms) = postSolution
		{400F0BE4-DE68-59E2-15FB-DF94CCCD3EFA}.Debug|Any CPU.ActiveCfg = Debug|Any CPU
		{400F0BE4-DE68-59E2-15FB-DF94CCCD3EFA}.Debug|Any CPU.Build.0 = Debug|Any CPU
		{400F0BE4-DE68-59E2-15FB-DF94CCCD3EFA}.Release|Any CPU.ActiveCfg = Release|Any CPU
		{400F0BE4-DE68-59E2-15FB-DF94CCCD3EFA}.Release|Any CPU.Build.0 = Release|Any CPU
		{371853B1-CF93-F579-6EFC-D35225FF1F01}.Debug|Any CPU.ActiveCfg = Debug|Any CPU
		{371853B1-CF93-F579-6EFC-D35225FF1F01}.Debug|Any CPU.Build.0 = Debug|Any CPU
		{371853B1-CF93-F579-6EFC-D35225FF1F01}.Release|Any CPU.ActiveCfg = Release|Any CPU
		{371853B1-CF93-F579-6EFC-D35225FF1F01}.Release|Any CPU.Build.0 = Release|Any CPU
	EndGlobalSection
	GlobalSection(SolutionProperties) = preSolution
		HideSolutionNode = FALSE
	EndGlobalSection
EndGlobal
